{
  "pins" : [
    {
      "identity" : "kbmultiplatform",
      "kind" : "remoteSourceControl",
      "location" : "https://github.com/dariuszszlag/KBMultiplatform.git",
      "state" : {
        "branch" : "prepare-ios-app",
        "revision" : "2913dc43c1e13e20ee4b843da5a8c46834bad2c5"
      }
    }
  ],
  "version" : 2
}
