{
  "pins" : [
    {
      "identity" : "kbmultiplatform",
      "kind" : "remoteSourceControl",
      "location" : "https://github.com/dariuszszlag/KBMultiplatform.git",
      "state" : {
        "branch" : "prepare-ios-app",
        "revision" : "2cbe346c4f5f1f8d2398326699f534071b88a198"
      }
    }
  ],
  "version" : 2
}
